
Microsoft Visual Studio Solution File, Format Version 12.00
# Visual Studio Version 17
VisualStudioVersion = 17.6.33815.320
MinimumVisualStudioVersion = 10.0.40219.1
Project("{FAE04EC0-301F-11D3-BF4B-00C04F79EFBC}") = "Entities", "Entities\Entities.csproj", "{73F070AA-A3ED-4075-BDDD-E8C443D7BAA9}"
EndProject
Project("{FAE04EC0-301F-11D3-BF4B-00C04F79EFBC}") = "DataAccess", "DataAccess\DataAccess.csproj", "{34161672-9141-4911-AB40-59E3EACCB2D9}"
EndProject
Project("{FAE04EC0-301F-11D3-BF4B-00C04F79EFBC}") = "Business", "Business\Business.csproj", "{7B4116C1-B6C2-468F-BF38-0382D0E01556}"
EndProject
Project("{FAE04EC0-301F-11D3-BF4B-00C04F79EFBC}") = "Console", "Console\Console.csproj", "{8FC9DCAD-10BC-4EC0-A8E6-2111DAC25BE3}"
EndProject
Global
	GlobalSection(SolutionConfigurationPlatforms) = preSolution
		Debug|Any CPU = Debug|Any CPU
		Release|Any CPU = Release|Any CPU
	EndGlobalSection
	GlobalSection(ProjectConfigurationPlatforms) = postSolution
		{73F070AA-A3ED-4075-BDDD-E8C443D7BAA9}.Debug|Any CPU.ActiveCfg = Debug|Any CPU
		{73F070AA-A3ED-4075-BDDD-E8C443D7BAA9}.Debug|Any CPU.Build.0 = Debug|Any CPU
		{73F070AA-A3ED-4075-BDDD-E8C443D7BAA9}.Release|Any CPU.ActiveCfg = Release|Any CPU
		{73F070AA-A3ED-4075-BDDD-E8C443D7BAA9}.Release|Any CPU.Build.0 = Release|Any CPU
		{34161672-9141-4911-AB40-59E3EACCB2D9}.Debug|Any CPU.ActiveCfg = Debug|Any CPU
		{34161672-9141-4911-AB40-59E3EACCB2D9}.Debug|Any CPU.Build.0 = Debug|Any CPU
		{34161672-9141-4911-AB40-59E3EACCB2D9}.Release|Any CPU.ActiveCfg = Release|Any CPU
		{34161672-9141-4911-AB40-59E3EACCB2D9}.Release|Any CPU.Build.0 = Release|Any CPU
		{7B4116C1-B6C2-468F-BF38-0382D0E01556}.Debug|Any CPU.ActiveCfg = Debug|Any CPU
		{7B4116C1-B6C2-468F-BF38-0382D0E01556}.Debug|Any CPU.Build.0 = Debug|Any CPU
		{7B4116C1-B6C2-468F-BF38-0382D0E01556}.Release|Any CPU.ActiveCfg = Release|Any CPU
		{7B4116C1-B6C2-468F-BF38-0382D0E01556}.Release|Any CPU.Build.0 = Release|Any CPU
		{8FC9DCAD-10BC-4EC0-A8E6-2111DAC25BE3}.Debug|Any CPU.ActiveCfg = Debug|Any CPU
		{8FC9DCAD-10BC-4EC0-A8E6-2111DAC25BE3}.Debug|Any CPU.Build.0 = Debug|Any CPU
		{8FC9DCAD-10BC-4EC0-A8E6-2111DAC25BE3}.Release|Any CPU.ActiveCfg = Release|Any CPU
		{8FC9DCAD-10BC-4EC0-A8E6-2111DAC25BE3}.Release|Any CPU.Build.0 = Release|Any CPU
	EndGlobalSection
	GlobalSection(SolutionProperties) = preSolution
		HideSolutionNode = FALSE
	EndGlobalSection
	GlobalSection(ExtensibilityGlobals) = postSolution
		SolutionGuid = {9A24D68C-C9FE-4A0E-8DBD-B744910BAD5C}
	EndGlobalSection
EndGlobal
